
Microsoft Visual Studio Solution File, Format Version 12.00
# Visual Studio Version 17
VisualStudioVersion = 17.14.36202.13
MinimumVisualStudioVersion = 10.0.40219.1
Project("{FAE04EC0-301F-11D3-BF4B-00C04F79EFBC}") = "Lab1", "Lab1.csproj", "{19386681-2162-4C40-A686-5A222FDEF9FD}"
EndProject
Project("{FAE04EC0-301F-11D3-BF4B-00C04F79EFBC}") = "Lab2", "..\Lab2\Lab2.csproj", "{FA7D42A1-0B9F-4C9A-97A2-CC221110AB76}"
EndProject
Global
	GlobalSection(SolutionConfigurationPlatforms) = preSolution
		Debug|Any CPU = Debug|Any CPU
		Release|Any CPU = Release|Any CPU
	EndGlobalSection
	GlobalSection(ProjectConfigurationPlatforms) = postSolution
		{19386681-2162-4C40-A686-5A222FDEF9FD}.Debug|Any CPU.ActiveCfg = Debug|Any CPU
		{19386681-2162-4C40-A686-5A222FDEF9FD}.Debug|Any CPU.Build.0 = Debug|Any CPU
		{19386681-2162-4C40-A686-5A222FDEF9FD}.Release|Any CPU.ActiveCfg = Release|Any CPU
		{19386681-2162-4C40-A686-5A222FDEF9FD}.Release|Any CPU.Build.0 = Release|Any CPU
		{FA7D42A1-0B9F-4C9A-97A2-CC221110AB76}.Debug|Any CPU.ActiveCfg = Debug|Any CPU
		{FA7D42A1-0B9F-4C9A-97A2-CC221110AB76}.Debug|Any CPU.Build.0 = Debug|Any CPU
		{FA7D42A1-0B9F-4C9A-97A2-CC221110AB76}.Release|Any CPU.ActiveCfg = Release|Any CPU
		{FA7D42A1-0B9F-4C9A-97A2-CC221110AB76}.Release|Any CPU.Build.0 = Release|Any CPU
	EndGlobalSection
	GlobalSection(SolutionProperties) = preSolution
		HideSolutionNode = FALSE
	EndGlobalSection
	GlobalSection(ExtensibilityGlobals) = postSolution
		SolutionGuid = {B5C15292-76D2-49E3-9568-1BF74FB20056}
	EndGlobalSection
EndGlobal
